
Microsoft Visual Studio Solution File, Format Version 12.00
# Visual Studio 15
VisualStudioVersion = 15.0.28307.852
MinimumVisualStudioVersion = 10.0.40219.1
Project("{8BC9CEB8-8B4A-11D0-8D11-00A0C91BC942}") = "Data_Structure", "Data_Structure\Data_Structure.vcxproj", "{DB740B49-00A1-4D6B-BB1C-E3F7407B9D96}"
EndProject
Global
	GlobalSection(SolutionConfigurationPlatforms) = preSolution
		Debug|x64 = Debug|x64
		Debug|x86 = Debug|x86
		Release|x64 = Release|x64
		Release|x86 = Release|x86
	EndGlobalSection
	GlobalSection(ProjectConfigurationPlatforms) = postSolution
		{DB740B49-00A1-4D6B-BB1C-E3F7407B9D96}.Debug|x64.ActiveCfg = Debug|x64
		{DB740B49-00A1-4D6B-BB1C-E3F7407B9D96}.Debug|x64.Build.0 = Debug|x64
		{DB740B49-00A1-4D6B-BB1C-E3F7407B9D96}.Debug|x86.ActiveCfg = Debug|Win32
		{DB740B49-00A1-4D6B-BB1C-E3F7407B9D96}.Debug|x86.Build.0 = Debug|Win32
		{DB740B49-00A1-4D6B-BB1C-E3F7407B9D96}.Release|x64.ActiveCfg = Release|x64
		{DB740B49-00A1-4D6B-BB1C-E3F7407B9D96}.Release|x64.Build.0 = Release|x64
		{DB740B49-00A1-4D6B-BB1C-E3F7407B9D96}.Release|x86.ActiveCfg = Release|Win32
		{DB740B49-00A1-4D6B-BB1C-E3F7407B9D96}.Release|x86.Build.0 = Release|Win32
	EndGlobalSection
	GlobalSection(SolutionProperties) = preSolution
		HideSolutionNode = FALSE
	EndGlobalSection
	GlobalSection(ExtensibilityGlobals) = postSolution
		SolutionGuid = {48A34D20-9833-4EDF-89C6-EEDEE13479EA}
	EndGlobalSection
EndGlobal
